// !$*UTF8*$!
{
	archiveVersion = 1;
	classes = {
	};
	objectVersion = 55;
	objects = {

/* Begin PBXBuildFile section */
		CED8D662287B18A80019DEE5 /* TapApp.swift in Sources */ = {isa = PBXBuildFile; fileRef = CED8D661287B18A80019DEE5 /* TapApp.swift */; };
		CED8D664287B18A80019DEE5 /* ContentView.swift in Sources */ = {isa = PBXBuildFile; fileRef = CED8D663287B18A80019DEE5 /* ContentView.swift */; };
		CED8D666287B18AA0019DEE5 /* Assets.xcassets in Resources */ = {isa = PBXBuildFile; fileRef = CED8D665287B18AA0019DEE5 /* Assets.xcassets */; };
		CED8D669287B18AA0019DEE5 /* Preview Assets.xcassets in Resources */ = {isa = PBXBuildFile; fileRef = CED8D668287B18AA0019DEE5 /* Preview Assets.xcassets */; };
		CED8D670287B18DE0019DEE5 /* GoogleService-Info.plist in Resources */ = {isa = PBXBuildFile; fileRef = CED8D66F287B18DE0019DEE5 /* GoogleService-Info.plist */; };
		CED8D673287B248D0019DEE5 /* FirebaseAnalyticsSwift in Frameworks */ = {isa = PBXBuildFile; productRef = CED8D672287B248D0019DEE5 /* FirebaseAnalyticsSwift */; };
		CED8D675287B248D0019DEE5 /* FirebaseAnalyticsWithoutAdIdSupport in Frameworks */ = {isa = PBXBuildFile; productRef = CED8D674287B248D0019DEE5 /* FirebaseAnalyticsWithoutAdIdSupport */; };
		CED8D677287B248D0019DEE5 /* FirebaseFirestore in Frameworks */ = {isa = PBXBuildFile; productRef = CED8D676287B248D0019DEE5 /* FirebaseFirestore */; };
		CED8D679287B248D0019DEE5 /* FirebaseFirestoreSwift in Frameworks */ = {isa = PBXBuildFile; productRef = CED8D678287B248D0019DEE5 /* FirebaseFirestoreSwift */; };
		CED8D67B287B27D80019DEE5 /* RollingCounter.swift in Sources */ = {isa = PBXBuildFile; fileRef = CED8D67A287B27D80019DEE5 /* RollingCounter.swift */; };
		CED8D67D287B2F8F0019DEE5 /* Tools.swift in Sources */ = {isa = PBXBuildFile; fileRef = CED8D67C287B2F8F0019DEE5 /* Tools.swift */; };
/* End PBXBuildFile section */

/* Begin PBXFileReference section */
		CED8D65E287B18A80019DEE5 /* Tap.app */ = {isa = PBXFileReference; explicitFileType = wrapper.application; includeInIndex = 0; path = Tap.app; sourceTree = BUILT_PRODUCTS_DIR; };
		CED8D661287B18A80019DEE5 /* TapApp.swift */ = {isa = PBXFileReference; lastKnownFileType = sourcecode.swift; path = TapApp.swift; sourceTree = "<group>"; };
		CED8D663287B18A80019DEE5 /* ContentView.swift */ = {isa = PBXFileReference; lastKnownFileType = sourcecode.swift; path = ContentView.swift; sourceTree = "<group>"; };
		CED8D665287B18AA0019DEE5 /* Assets.xcassets */ = {isa = PBXFileReference; lastKnownFileType = folder.assetcatalog; path = Assets.xcassets; sourceTree = "<group>"; };
		CED8D668287B18AA0019DEE5 /* Preview Assets.xcassets */ = {isa = PBXFileReference; lastKnownFileType = folder.assetcatalog; path = "Preview Assets.xcassets"; sourceTree = "<group>"; };
		CED8D66F287B18DE0019DEE5 /* GoogleService-Info.plist */ = {isa = PBXFileReference; fileEncoding = 4; lastKnownFileType = text.plist.xml; path = "GoogleService-Info.plist"; sourceTree = "<group>"; };
		CED8D67A287B27D80019DEE5 /* RollingCounter.swift */ = {isa = PBXFileReference; fileEncoding = 4; lastKnownFileType = sourcecode.swift; path = RollingCounter.swift; sourceTree = "<group>"; };
		CED8D67C287B2F8F0019DEE5 /* Tools.swift */ = {isa = PBXFileReference; lastKnownFileType = sourcecode.swift; path = Tools.swift; sourceTree = "<group>"; };
/* End PBXFileReference section */

/* Begin PBXFrameworksBuildPhase section */
		CED8D65B287B18A80019DEE5 /* Frameworks */ = {
			isa = PBXFrameworksBuildPhase;
			buildActionMask = 2147483647;
			files = (
				CED8D673287B248D0019DEE5 /* FirebaseAnalyticsSwift in Frameworks */,
				CED8D675287B248D0019DEE5 /* FirebaseAnalyticsWithoutAdIdSupport in Frameworks */,
				CED8D677287B248D0019DEE5 /* FirebaseFirestore in Frameworks */,
				CED8D679287B248D0019DEE5 /* FirebaseFirestoreSwift in Frameworks */,
			);
			runOnlyForDeploymentPostprocessing = 0;
		};
/* End PBXFrameworksBuildPhase section */

/* Begin PBXGroup section */
		CED8D655287B18A80019DEE5 = {
			isa = PBXGroup;
			children = (
				CED8D660287B18A80019DEE5 /* Tap */,
				CED8D65F287B18A80019DEE5 /* Products */,
			);
			sourceTree = "<group>";
		};
		CED8D65F287B18A80019DEE5 /* Products */ = {
			isa = PBXGroup;
			children = (
				CED8D65E287B18A80019DEE5 /* Tap.app */,
			);
			name = Products;
			sourceTree = "<group>";
		};
		CED8D660287B18A80019DEE5 /* Tap */ = {
			isa = PBXGroup;
			children = (
				CED8D661287B18A80019DEE5 /* TapApp.swift */,
				CED8D663287B18A80019DEE5 /* ContentView.swift */,
				CED8D67A287B27D80019DEE5 /* RollingCounter.swift */,
				CED8D67C287B2F8F0019DEE5 /* Tools.swift */,
				CED8D665287B18AA0019DEE5 /* Assets.xcassets */,
				CED8D66F287B18DE0019DEE5 /* GoogleService-Info.plist */,
				CED8D667287B18AA0019DEE5 /* Preview Content */,
			);
			path = Tap;
			sourceTree = "<group>";
		};
		CED8D667287B18AA0019DEE5 /* Preview Content */ = {
			isa = PBXGroup;
			children = (
				CED8D668287B18AA0019DEE5 /* Preview Assets.xcassets */,
			);
			path = "Preview Content";
			sourceTree = "<group>";
		};
/* End PBXGroup section */

/* Begin PBXNativeTarget section */
		CED8D65D287B18A80019DEE5 /* Tap */ = {
			isa = PBXNativeTarget;
			buildConfigurationList = CED8D66C287B18AA0019DEE5 /* Build configuration list for PBXNativeTarget "Tap" */;
			buildPhases = (
				CED8D65A287B18A80019DEE5 /* Sources */,
				CED8D65B287B18A80019DEE5 /* Frameworks */,
				CED8D65C287B18A80019DEE5 /* Resources */,
			);
			buildRules = (
			);
			dependencies = (
			);
			name = Tap;
			packageProductDependencies = (
				CED8D672287B248D0019DEE5 /* FirebaseAnalyticsSwift */,
				CED8D674287B248D0019DEE5 /* FirebaseAnalyticsWithoutAdIdSupport */,
				CED8D676287B248D0019DEE5 /* FirebaseFirestore */,
				CED8D678287B248D0019DEE5 /* FirebaseFirestoreSwift */,
			);
			productName = Tap;
			productReference = CED8D65E287B18A80019DEE5 /* Tap.app */;
			productType = "com.apple.product-type.application";
		};
/* End PBXNativeTarget section */

/* Begin PBXProject section */
		CED8D656287B18A80019DEE5 /* Project object */ = {
			isa = PBXProject;
			attributes = {
				BuildIndependentTargetsInParallel = 1;
				LastSwiftUpdateCheck = 1330;
				LastUpgradeCheck = 1330;
				TargetAttributes = {
					CED8D65D287B18A80019DEE5 = {
						CreatedOnToolsVersion = 13.3;
					};
				};
			};
			buildConfigurationList = CED8D659287B18A80019DEE5 /* Build configuration list for PBXProject "Tap" */;
			compatibilityVersion = "Xcode 13.0";
			developmentRegion = en;
			hasScannedForEncodings = 0;
			knownRegions = (
				en,
				Base,
			);
			mainGroup = CED8D655287B18A80019DEE5;
			packageReferences = (
				CED8D671287B248D0019DEE5 /* XCRemoteSwiftPackageReference "firebase-ios-sdk" */,
			);
			productRefGroup = CED8D65F287B18A80019DEE5 /* Products */;
			projectDirPath = "";
			projectRoot = "";
			targets = (
				CED8D65D287B18A80019DEE5 /* Tap */,
			);
		};
/* End PBXProject section */

/* Begin PBXResourcesBuildPhase section */
		CED8D65C287B18A80019DEE5 /* Resources */ = {
			isa = PBXResourcesBuildPhase;
			buildActionMask = 2147483647;
			files = (
				CED8D669287B18AA0019DEE5 /* Preview Assets.xcassets in Resources */,
				CED8D666287B18AA0019DEE5 /* Assets.xcassets in Resources */,
				CED8D670287B18DE0019DEE5 /* GoogleService-Info.plist in Resources */,
			);
			runOnlyForDeploymentPostprocessing = 0;
		};
/* End PBXResourcesBuildPhase section */

/* Begin PBXSourcesBuildPhase section */
		CED8D65A287B18A80019DEE5 /* Sources */ = {
			isa = PBXSourcesBuildPhase;
			buildActionMask = 2147483647;
			files = (
				CED8D664287B18A80019DEE5 /* ContentView.swift in Sources */,
				CED8D662287B18A80019DEE5 /* TapApp.swift in Sources */,
				CED8D67B287B27D80019DEE5 /* RollingCounter.swift in Sources */,
				CED8D67D287B2F8F0019DEE5 /* Tools.swift in Sources */,
			);
			runOnlyForDeploymentPostprocessing = 0;
		};
/* End PBXSourcesBuildPhase section */

/* Begin XCBuildConfiguration section */
		CED8D66A287B18AA0019DEE5 /* Debug */ = {
			isa = XCBuildConfiguration;
			buildSettings = {
				ALWAYS_SEARCH_USER_PATHS = NO;
				CLANG_ANALYZER_NONNULL = YES;
				CLANG_ANALYZER_NUMBER_OBJECT_CONVERSION = YES_AGGRESSIVE;
				CLANG_CXX_LANGUAGE_STANDARD = "gnu++17";
				CLANG_ENABLE_MODULES = YES;
				CLANG_ENABLE_OBJC_ARC = YES;
				CLANG_ENABLE_OBJC_WEAK = YES;
				CLANG_WARN_BLOCK_CAPTURE_AUTORELEASING = YES;
				CLANG_WARN_BOOL_CONVERSION = YES;
				CLANG_WARN_COMMA = YES;
				CLANG_WARN_CONSTANT_CONVERSION = YES;
				CLANG_WARN_DEPRECATED_OBJC_IMPLEMENTATIONS = YES;
				CLANG_WARN_DIRECT_OBJC_ISA_USAGE = YES_ERROR;
				CLANG_WARN_DOCUMENTATION_COMMENTS = YES;
				CLANG_WARN_EMPTY_BODY = YES;
				CLANG_WARN_ENUM_CONVERSION = YES;
				CLANG_WARN_INFINITE_RECURSION = YES;
				CLANG_WARN_INT_CONVERSION = YES;
				CLANG_WARN_NON_LITERAL_NULL_CONVERSION = YES;
				CLANG_WARN_OBJC_IMPLICIT_RETAIN_SELF = YES;
				CLANG_WARN_OBJC_LITERAL_CONVERSION = YES;
				CLANG_WARN_OBJC_ROOT_CLASS = YES_ERROR;
				CLANG_WARN_QUOTED_INCLUDE_IN_FRAMEWORK_HEADER = YES;
				CLANG_WARN_RANGE_LOOP_ANALYSIS = YES;
				CLANG_WARN_STRICT_PROTOTYPES = YES;
				CLANG_WARN_SUSPICIOUS_MOVE = YES;
				CLANG_WARN_UNGUARDED_AVAILABILITY = YES_AGGRESSIVE;
				CLANG_WARN_UNREACHABLE_CODE = YES;
				CLANG_WARN__DUPLICATE_METHOD_MATCH = YES;
				COPY_PHASE_STRIP = NO;
				DEBUG_INFORMATION_FORMAT = dwarf;
				ENABLE_STRICT_OBJC_MSGSEND = YES;
				ENABLE_TESTABILITY = YES;
				GCC_C_LANGUAGE_STANDARD = gnu11;
				GCC_DYNAMIC_NO_PIC = NO;
				GCC_NO_COMMON_BLOCKS = YES;
				GCC_OPTIMIZATION_LEVEL = 0;
				GCC_PREPROCESSOR_DEFINITIONS = (
					"DEBUG=1",
					"$(inherited)",
				);
				GCC_WARN_64_TO_32_BIT_CONVERSION = YES;
				GCC_WARN_ABOUT_RETURN_TYPE = YES_ERROR;
				GCC_WARN_UNDECLARED_SELECTOR = YES;
				GCC_WARN_UNINITIALIZED_AUTOS = YES_AGGRESSIVE;
				GCC_WARN_UNUSED_FUNCTION = YES;
				GCC_WARN_UNUSED_VARIABLE = YES;
				IPHONEOS_DEPLOYMENT_TARGET = 15.4;
				MTL_ENABLE_DEBUG_INFO = INCLUDE_SOURCE;
				MTL_FAST_MATH = YES;
				ONLY_ACTIVE_ARCH = YES;
				SDKROOT = iphoneos;
				SWIFT_ACTIVE_COMPILATION_CONDITIONS = DEBUG;
				SWIFT_OPTIMIZATION_LEVEL = "-Onone";
			};
			name = Debug;
		};
		CED8D66B287B18AA0019DEE5 /* Release */ = {
			isa = XCBuildConfiguration;
			buildSettings = {
				ALWAYS_SEARCH_USER_PATHS = NO;
				CLANG_ANALYZER_NONNULL = YES;
				CLANG_ANALYZER_NUMBER_OBJECT_CONVERSION = YES_AGGRESSIVE;
				CLANG_CXX_LANGUAGE_STANDARD = "gnu++17";
				CLANG_ENABLE_MODULES = YES;
				CLANG_ENABLE_OBJC_ARC = YES;
				CLANG_ENABLE_OBJC_WEAK = YES;
				CLANG_WARN_BLOCK_CAPTURE_AUTORELEASING = YES;
				CLANG_WARN_BOOL_CONVERSION = YES;
				CLANG_WARN_COMMA = YES;
				CLANG_WARN_CONSTANT_CONVERSION = YES;
				CLANG_WARN_DEPRECATED_OBJC_IMPLEMENTATIONS = YES;
				CLANG_WARN_DIRECT_OBJC_ISA_USAGE = YES_ERROR;
				CLANG_WARN_DOCUMENTATION_COMMENTS = YES;
				CLANG_WARN_EMPTY_BODY = YES;
				CLANG_WARN_ENUM_CONVERSION = YES;
				CLANG_WARN_INFINITE_RECURSION = YES;
				CLANG_WARN_INT_CONVERSION = YES;
				CLANG_WARN_NON_LITERAL_NULL_CONVERSION = YES;
				CLANG_WARN_OBJC_IMPLICIT_RETAIN_SELF = YES;
				CLANG_WARN_OBJC_LITERAL_CONVERSION = YES;
				CLANG_WARN_OBJC_ROOT_CLASS = YES_ERROR;
				CLANG_WARN_QUOTED_INCLUDE_IN_FRAMEWORK_HEADER = YES;
				CLANG_WARN_RANGE_LOOP_ANALYSIS = YES;
				CLANG_WARN_STRICT_PROTOTYPES = YES;
				CLANG_WARN_SUSPICIOUS_MOVE = YES;
				CLANG_WARN_UNGUARDED_AVAILABILITY = YES_AGGRESSIVE;
				CLANG_WARN_UNREACHABLE_CODE = YES;
				CLANG_WARN__DUPLICATE_METHOD_MATCH = YES;
				COPY_PHASE_STRIP = NO;
				DEBUG_INFORMATION_FORMAT = "dwarf-with-dsym";
				ENABLE_NS_ASSERTIONS = NO;
				ENABLE_STRICT_OBJC_MSGSEND = YES;
				GCC_C_LANGUAGE_STANDARD = gnu11;
				GCC_NO_COMMON_BLOCKS = YES;
				GCC_WARN_64_TO_32_BIT_CONVERSION = YES;
				GCC_WARN_ABOUT_RETURN_TYPE = YES_ERROR;
				GCC_WARN_UNDECLARED_SELECTOR = YES;
				GCC_WARN_UNINITIALIZED_AUTOS = YES_AGGRESSIVE;
				GCC_WARN_UNUSED_FUNCTION = YES;
				GCC_WARN_UNUSED_VARIABLE = YES;
				IPHONEOS_DEPLOYMENT_TARGET = 15.4;
				MTL_ENABLE_DEBUG_INFO = NO;
				MTL_FAST_MATH = YES;
				SDKROOT = iphoneos;
				SWIFT_COMPILATION_MODE = wholemodule;
				SWIFT_OPTIMIZATION_LEVEL = "-O";
				VALIDATE_PRODUCT = YES;
			};
			name = Release;
		};
		CED8D66D287B18AA0019DEE5 /* Debug */ = {
			isa = XCBuildConfiguration;
			buildSettings = {
				ASSETCATALOG_COMPILER_APPICON_NAME = AppIcon;
				ASSETCATALOG_COMPILER_GLOBAL_ACCENT_COLOR_NAME = AccentColor;
				CODE_SIGN_STYLE = Automatic;
				CURRENT_PROJECT_VERSION = 1;
				DEVELOPMENT_ASSET_PATHS = "\"Tap/Preview Content\"";
				DEVELOPMENT_TEAM = XYXRW4QTYX;
				ENABLE_PREVIEWS = YES;
				GENERATE_INFOPLIST_FILE = YES;
				INFOPLIST_KEY_UIApplicationSceneManifest_Generation = YES;
				INFOPLIST_KEY_UIApplicationSupportsIndirectInputEvents = YES;
				INFOPLIST_KEY_UILaunchScreen_Generation = YES;
				INFOPLIST_KEY_UISupportedInterfaceOrientations_iPad = "UIInterfaceOrientationPortrait UIInterfaceOrientationPortraitUpsideDown UIInterfaceOrientationLandscapeLeft UIInterfaceOrientationLandscapeRight";
				INFOPLIST_KEY_UISupportedInterfaceOrientations_iPhone = "UIInterfaceOrientationPortrait UIInterfaceOrientationLandscapeLeft UIInterfaceOrientationLandscapeRight";
				LD_RUNPATH_SEARCH_PATHS = (
					"$(inherited)",
					"@executable_path/Frameworks",
				);
				MARKETING_VERSION = 1.0;
				PRODUCT_BUNDLE_IDENTIFIER = Yen.Tap;
				PRODUCT_NAME = "$(TARGET_NAME)";
				SWIFT_EMIT_LOC_STRINGS = YES;
				SWIFT_VERSION = 5.0;
				TARGETED_DEVICE_FAMILY = "1,2";
			};
			name = Debug;
		};
		CED8D66E287B18AA0019DEE5 /* Release */ = {
			isa = XCBuildConfiguration;
			buildSettings = {
				ASSETCATALOG_COMPILER_APPICON_NAME = AppIcon;
				ASSETCATALOG_COMPILER_GLOBAL_ACCENT_COLOR_NAME = AccentColor;
				CODE_SIGN_STYLE = Automatic;
				CURRENT_PROJECT_VERSION = 1;
				DEVELOPMENT_ASSET_PATHS = "\"Tap/Preview Content\"";
				DEVELOPMENT_TEAM = XYXRW4QTYX;
				ENABLE_PREVIEWS = YES;
				GENERATE_INFOPLIST_FILE = YES;
				INFOPLIST_KEY_UIApplicationSceneManifest_Generation = YES;
				INFOPLIST_KEY_UIApplicationSupportsIndirectInputEvents = YES;
				INFOPLIST_KEY_UILaunchScreen_Generation = YES;
				INFOPLIST_KEY_UISupportedInterfaceOrientations_iPad = "UIInterfaceOrientationPortrait UIInterfaceOrientationPortraitUpsideDown UIInterfaceOrientationLandscapeLeft UIInterfaceOrientationLandscapeRight";
				INFOPLIST_KEY_UISupportedInterfaceOrientations_iPhone = "UIInterfaceOrientationPortrait UIInterfaceOrientationLandscapeLeft UIInterfaceOrientationLandscapeRight";
				LD_RUNPATH_SEARCH_PATHS = (
					"$(inherited)",
					"@executable_path/Frameworks",
				);
				MARKETING_VERSION = 1.0;
				PRODUCT_BUNDLE_IDENTIFIER = Yen.Tap;
				PRODUCT_NAME = "$(TARGET_NAME)";
				SWIFT_EMIT_LOC_STRINGS = YES;
				SWIFT_VERSION = 5.0;
				TARGETED_DEVICE_FAMILY = "1,2";
			};
			name = Release;
		};
/* End XCBuildConfiguration section */

/* Begin XCConfigurationList section */
		CED8D659287B18A80019DEE5 /* Build configuration list for PBXProject "Tap" */ = {
			isa = XCConfigurationList;
			buildConfigurations = (
				CED8D66A287B18AA0019DEE5 /* Debug */,
				CED8D66B287B18AA0019DEE5 /* Release */,
			);
			defaultConfigurationIsVisible = 0;
			defaultConfigurationName = Release;
		};
		CED8D66C287B18AA0019DEE5 /* Build configuration list for PBXNativeTarget "Tap" */ = {
			isa = XCConfigurationList;
			buildConfigurations = (
				CED8D66D287B18AA0019DEE5 /* Debug */,
				CED8D66E287B18AA0019DEE5 /* Release */,
			);
			defaultConfigurationIsVisible = 0;
			defaultConfigurationName = Release;
		};
/* End XCConfigurationList section */

/* Begin XCRemoteSwiftPackageReference section */
		CED8D671287B248D0019DEE5 /* XCRemoteSwiftPackageReference "firebase-ios-sdk" */ = {
			isa = XCRemoteSwiftPackageReference;
			repositoryURL = "https://github.com/firebase/firebase-ios-sdk";
			requirement = {
				kind = upToNextMajorVersion;
				minimumVersion = 9.0.0;
			};
		};
/* End XCRemoteSwiftPackageReference section */

/* Begin XCSwiftPackageProductDependency section */
		CED8D672287B248D0019DEE5 /* FirebaseAnalyticsSwift */ = {
			isa = XCSwiftPackageProductDependency;
			package = CED8D671287B248D0019DEE5 /* XCRemoteSwiftPackageReference "firebase-ios-sdk" */;
			productName = FirebaseAnalyticsSwift;
		};
		CED8D674287B248D0019DEE5 /* FirebaseAnalyticsWithoutAdIdSupport */ = {
			isa = XCSwiftPackageProductDependency;
			package = CED8D671287B248D0019DEE5 /* XCRemoteSwiftPackageReference "firebase-ios-sdk" */;
			productName = FirebaseAnalyticsWithoutAdIdSupport;
		};
		CED8D676287B248D0019DEE5 /* FirebaseFirestore */ = {
			isa = XCSwiftPackageProductDependency;
			package = CED8D671287B248D0019DEE5 /* XCRemoteSwiftPackageReference "firebase-ios-sdk" */;
			productName = FirebaseFirestore;
		};
		CED8D678287B248D0019DEE5 /* FirebaseFirestoreSwift */ = {
			isa = XCSwiftPackageProductDependency;
			package = CED8D671287B248D0019DEE5 /* XCRemoteSwiftPackageReference "firebase-ios-sdk" */;
			productName = FirebaseFirestoreSwift;
		};
/* End XCSwiftPackageProductDependency section */
	};
	rootObject = CED8D656287B18A80019DEE5 /* Project object */;
}
